
Microsoft Visual Studio Solution File, Format Version 12.00
# Visual Studio Version 16
VisualStudioVersion = 16.0.31205.134
MinimumVisualStudioVersion = 10.0.40219.1
Project("{8BC9CEB8-8B4A-11D0-8D11-00A0C91BC942}") = "LIN_LNG-Challenges", "LIN_LNG-Challenges.vcxproj", "{F89331A8-1090-4522-8325-FFA5BDB8198F}"
EndProject
Global
	GlobalSection(SolutionConfigurationPlatforms) = preSolution
		Debug|x64 = Debug|x64
		Debug|x86 = Debug|x86
		Release|x64 = Release|x64
		Release|x86 = Release|x86
	EndGlobalSection
	GlobalSection(ProjectConfigurationPlatforms) = postSolution
		{F89331A8-1090-4522-8325-FFA5BDB8198F}.Debug|x64.ActiveCfg = Debug|x64
		{F89331A8-1090-4522-8325-FFA5BDB8198F}.Debug|x64.Build.0 = Debug|x64
		{F89331A8-1090-4522-8325-FFA5BDB8198F}.Debug|x86.ActiveCfg = Debug|Win32
		{F89331A8-1090-4522-8325-FFA5BDB8198F}.Debug|x86.Build.0 = Debug|Win32
		{F89331A8-1090-4522-8325-FFA5BDB8198F}.Release|x64.ActiveCfg = Release|x64
		{F89331A8-1090-4522-8325-FFA5BDB8198F}.Release|x64.Build.0 = Release|x64
		{F89331A8-1090-4522-8325-FFA5BDB8198F}.Release|x86.ActiveCfg = Release|Win32
		{F89331A8-1090-4522-8325-FFA5BDB8198F}.Release|x86.Build.0 = Release|Win32
	EndGlobalSection
	GlobalSection(SolutionProperties) = preSolution
		HideSolutionNode = FALSE
	EndGlobalSection
	GlobalSection(ExtensibilityGlobals) = postSolution
		SolutionGuid = {DBA93796-D137-4968-9073-31ED64AF5C54}
	EndGlobalSection
EndGlobal
